
Microsoft Visual Studio Solution File, Format Version 12.00
# Visual Studio Version 17
VisualStudioVersion = 17.5.33530.505
MinimumVisualStudioVersion = 10.0.40219.1
Project("{FAE04EC0-301F-11D3-BF4B-00C04F79EFBC}") = "ExInheritance8-cSharp", "ExInheritance8-cSharp\ExInheritance8-cSharp.csproj", "{AA4F3517-D4EA-4004-9D80-1B020477FBC1}"
EndProject
Global
	GlobalSection(SolutionConfigurationPlatforms) = preSolution
		Debug|Any CPU = Debug|Any CPU
		Release|Any CPU = Release|Any CPU
	EndGlobalSection
	GlobalSection(ProjectConfigurationPlatforms) = postSolution
		{AA4F3517-D4EA-4004-9D80-1B020477FBC1}.Debug|Any CPU.ActiveCfg = Debug|Any CPU
		{AA4F3517-D4EA-4004-9D80-1B020477FBC1}.Debug|Any CPU.Build.0 = Debug|Any CPU
		{AA4F3517-D4EA-4004-9D80-1B020477FBC1}.Release|Any CPU.ActiveCfg = Release|Any CPU
		{AA4F3517-D4EA-4004-9D80-1B020477FBC1}.Release|Any CPU.Build.0 = Release|Any CPU
	EndGlobalSection
	GlobalSection(SolutionProperties) = preSolution
		HideSolutionNode = FALSE
	EndGlobalSection
	GlobalSection(ExtensibilityGlobals) = postSolution
		SolutionGuid = {ED8706B9-B151-4F7F-AC56-09FD5E55997E}
	EndGlobalSection
EndGlobal
